
Microsoft Visual Studio Solution File, Format Version 12.00
# Visual Studio Version 17
VisualStudioVersion = 17.5.33530.505
MinimumVisualStudioVersion = 10.0.40219.1
Project("{9A19103F-16F7-4668-BE54-9A1E7A4F7556}") = "BackEndDiazNaturals", "BackEndDiazNaturals.csproj", "{2F7DC90E-A3C7-492E-9C25-C5469FE2F270}"
EndProject
Global
	GlobalSection(SolutionConfigurationPlatforms) = preSolution
		Debug|Any CPU = Debug|Any CPU
		Release|Any CPU = Release|Any CPU
	EndGlobalSection
	GlobalSection(ProjectConfigurationPlatforms) = postSolution
		{2F7DC90E-A3C7-492E-9C25-C5469FE2F270}.Debug|Any CPU.ActiveCfg = Debug|Any CPU
		{2F7DC90E-A3C7-492E-9C25-C5469FE2F270}.Debug|Any CPU.Build.0 = Debug|Any CPU
		{2F7DC90E-A3C7-492E-9C25-C5469FE2F270}.Release|Any CPU.ActiveCfg = Release|Any CPU
		{2F7DC90E-A3C7-492E-9C25-C5469FE2F270}.Release|Any CPU.Build.0 = Release|Any CPU
	EndGlobalSection
	GlobalSection(SolutionProperties) = preSolution
		HideSolutionNode = FALSE
	EndGlobalSection
	GlobalSection(ExtensibilityGlobals) = postSolution
		SolutionGuid = {58164C18-D1D0-4863-980F-3BFF7B5EC5F6}
	EndGlobalSection
EndGlobal
